
Microsoft Visual Studio Solution File, Format Version 12.00
# Visual Studio Version 16
VisualStudioVersion = 16.0.30804.86
MinimumVisualStudioVersion = 10.0.40219.1
Project("{9A19103F-16F7-4668-BE54-9A1E7A4F7556}") = "Entities", "Entities\Entities.csproj", "{162CB364-E683-4214-B102-17A0C3F26B08}"
EndProject
Project("{FAE04EC0-301F-11D3-BF4B-00C04F79EFBC}") = "DataAccess", "DataAccess\DataAccess.csproj", "{18ECFF4A-6C62-4863-AF16-53DA45A4E6FF}"
EndProject
Project("{FAE04EC0-301F-11D3-BF4B-00C04F79EFBC}") = "Business", "Business\Business.csproj", "{90B057F5-FD99-4BCE-9E0D-723D99E953A1}"
EndProject
Project("{FAE04EC0-301F-11D3-BF4B-00C04F79EFBC}") = "Console", "Console\Console.csproj", "{5484D487-87AF-498A-8A48-7B2B61CD4DA2}"
EndProject
Global
	GlobalSection(SolutionConfigurationPlatforms) = preSolution
		Debug|Any CPU = Debug|Any CPU
		Release|Any CPU = Release|Any CPU
	EndGlobalSection
	GlobalSection(ProjectConfigurationPlatforms) = postSolution
		{162CB364-E683-4214-B102-17A0C3F26B08}.Debug|Any CPU.ActiveCfg = Debug|Any CPU
		{162CB364-E683-4214-B102-17A0C3F26B08}.Debug|Any CPU.Build.0 = Debug|Any CPU
		{162CB364-E683-4214-B102-17A0C3F26B08}.Release|Any CPU.ActiveCfg = Release|Any CPU
		{162CB364-E683-4214-B102-17A0C3F26B08}.Release|Any CPU.Build.0 = Release|Any CPU
		{18ECFF4A-6C62-4863-AF16-53DA45A4E6FF}.Debug|Any CPU.ActiveCfg = Debug|Any CPU
		{18ECFF4A-6C62-4863-AF16-53DA45A4E6FF}.Debug|Any CPU.Build.0 = Debug|Any CPU
		{18ECFF4A-6C62-4863-AF16-53DA45A4E6FF}.Release|Any CPU.ActiveCfg = Release|Any CPU
		{18ECFF4A-6C62-4863-AF16-53DA45A4E6FF}.Release|Any CPU.Build.0 = Release|Any CPU
		{90B057F5-FD99-4BCE-9E0D-723D99E953A1}.Debug|Any CPU.ActiveCfg = Debug|Any CPU
		{90B057F5-FD99-4BCE-9E0D-723D99E953A1}.Debug|Any CPU.Build.0 = Debug|Any CPU
		{90B057F5-FD99-4BCE-9E0D-723D99E953A1}.Release|Any CPU.ActiveCfg = Release|Any CPU
		{90B057F5-FD99-4BCE-9E0D-723D99E953A1}.Release|Any CPU.Build.0 = Release|Any CPU
		{5484D487-87AF-498A-8A48-7B2B61CD4DA2}.Debug|Any CPU.ActiveCfg = Debug|Any CPU
		{5484D487-87AF-498A-8A48-7B2B61CD4DA2}.Debug|Any CPU.Build.0 = Debug|Any CPU
		{5484D487-87AF-498A-8A48-7B2B61CD4DA2}.Release|Any CPU.ActiveCfg = Release|Any CPU
		{5484D487-87AF-498A-8A48-7B2B61CD4DA2}.Release|Any CPU.Build.0 = Release|Any CPU
	EndGlobalSection
	GlobalSection(SolutionProperties) = preSolution
		HideSolutionNode = FALSE
	EndGlobalSection
	GlobalSection(ExtensibilityGlobals) = postSolution
		SolutionGuid = {B2B615E3-B725-43EF-A9BC-43839E1D7AB7}
	EndGlobalSection
EndGlobal
